<Solution>
  <Folder Name="/demos/">
    <Project Path="Demos/Blex.Sample/Blex.Sample.csproj" />
    <Project Path="Demos/Blex.Demo/Blex.Demo.csproj" />
  </Folder>
  <Folder Name="/src/">
    <Project Path="Blex.Blazor/Blex.Blazor.csproj" />
    <Project Path="Blex.Generators/Blex.Generators.csproj" />
    <Project Path="Blex.Maui/Blex.Maui.csproj" />
    <Project Path="Blex.Testing/Blex.Testing.csproj" />
    <Project Path="Blex/Blex.csproj" />
  </Folder>
  <Folder Name="/tests/">
    <Project Path="Tests/Blex.Tests/Blex.Tests.csproj" />
    <Project Path="Tests/Blex.Generators.Tests/Blex.Generators.Tests.csproj" />
  </Folder>
  <Folder Name="/benchmarks/">
    <Project Path="Tests/Blex.Benchmarks/Blex.Benchmarks.csproj" />
  </Folder>
</Solution>
